// !$*UTF8*$!
{
	archiveVersion = 1;
	classes = {
	};
	objectVersion = 51;
	objects = {

/* Begin PBXBuildFile section */
		27484B4403F9D0C7D225F533 /* Pods_MVVM_Clean_Flow_SkeletonTests.framework in Frameworks */ = {isa = PBXBuildFile; fileRef = ECE72493BB045E9129A69D8F /* Pods_MVVM_Clean_Flow_SkeletonTests.framework */; };
		413CFF14B12755668D647F82 /* Pods_MVVM_Clean_Flow_Skeleton.framework in Frameworks */ = {isa = PBXBuildFile; fileRef = 077EE782D011D71F2393CC11 /* Pods_MVVM_Clean_Flow_Skeleton.framework */; };
		F66B5A6E24BC077B00CCA0F2 /* GEUIAULoginViewController.xib in Resources */ = {isa = PBXBuildFile; fileRef = F66B5A6D24BC077B00CCA0F2 /* GEUIAULoginViewController.xib */; };
		F66B5A7124BC08D400CCA0F2 /* GEUIAULoginViewController.m in Sources */ = {isa = PBXBuildFile; fileRef = F66B5A7024BC08D400CCA0F2 /* GEUIAULoginViewController.m */; };
		F66B5A7624BC0A3600CCA0F2 /* GECOAppCoordinator.m in Sources */ = {isa = PBXBuildFile; fileRef = F66B5A7524BC0A3600CCA0F2 /* GECOAppCoordinator.m */; };
		F66B5A8224BC319100CCA0F2 /* GEUIAURegisterViewController.m in Sources */ = {isa = PBXBuildFile; fileRef = F66B5A8024BC319100CCA0F2 /* GEUIAURegisterViewController.m */; };
		F66B5A8324BC319100CCA0F2 /* GEUIAURegisterViewController.xib in Resources */ = {isa = PBXBuildFile; fileRef = F66B5A8124BC319100CCA0F2 /* GEUIAURegisterViewController.xib */; };
		F66B5A8D24BC364300CCA0F2 /* GECOAuthCoordinator.m in Sources */ = {isa = PBXBuildFile; fileRef = F66B5A8C24BC364300CCA0F2 /* GECOAuthCoordinator.m */; };
		F66B5A9224BC4DBF00CCA0F2 /* GEUIAULoginViewModel.m in Sources */ = {isa = PBXBuildFile; fileRef = F66B5A9124BC4DBF00CCA0F2 /* GEUIAULoginViewModel.m */; };
		F66B5AA024BC510F00CCA0F2 /* GEDMMDLoginModel.m in Sources */ = {isa = PBXBuildFile; fileRef = F66B5A9B24BC510F00CCA0F2 /* GEDMMDLoginModel.m */; };
		F66B5AAF24BC512000CCA0F2 /* GEDANWApiService.m in Sources */ = {isa = PBXBuildFile; fileRef = F66B5AA724BC512000CCA0F2 /* GEDANWApiService.m */; };
		F66B5AB024BC512000CCA0F2 /* GEDANWAuthAPI.m in Sources */ = {isa = PBXBuildFile; fileRef = F66B5AA924BC512000CCA0F2 /* GEDANWAuthAPI.m */; };
		F66B5AB124BC512000CCA0F2 /* GEDANWLoginApiModel.m in Sources */ = {isa = PBXBuildFile; fileRef = F66B5AAB24BC512000CCA0F2 /* GEDANWLoginApiModel.m */; };
		F66B5AB724BC524200CCA0F2 /* NSUserDefaults+GBUser.m in Sources */ = {isa = PBXBuildFile; fileRef = F66B5AB324BC524200CCA0F2 /* NSUserDefaults+GBUser.m */; };
		F66B5AB824BC524200CCA0F2 /* GEDANWBaseApiModel.m in Sources */ = {isa = PBXBuildFile; fileRef = F66B5AB624BC524200CCA0F2 /* GEDANWBaseApiModel.m */; };
		F67B9A5024BEAA1000FB1508 /* GEDALCDataProvider.m in Sources */ = {isa = PBXBuildFile; fileRef = F67B9A4F24BEAA1000FB1508 /* GEDALCDataProvider.m */; };
		F67B9A5424BEB63C00FB1508 /* UICKeyChainStore+KCGEAuthKeyChain.m in Sources */ = {isa = PBXBuildFile; fileRef = F67B9A5324BEB63C00FB1508 /* UICKeyChainStore+KCGEAuthKeyChain.m */; };
		F67B9A5924BEB87D00FB1508 /* GEDMUCAuthUseCase.m in Sources */ = {isa = PBXBuildFile; fileRef = F67B9A5824BEB87D00FB1508 /* GEDMUCAuthUseCase.m */; };
		F67B9A5F24BF2BEE00FB1508 /* GEDANWAuthNetworkFactory.m in Sources */ = {isa = PBXBuildFile; fileRef = F67B9A5E24BF2BEE00FB1508 /* GEDANWAuthNetworkFactory.m */; };
		F68C000E24BD6F5D003418AC /* UTGELoginViewModel.m in Sources */ = {isa = PBXBuildFile; fileRef = F68CFFFD24BD6CCB003418AC /* UTGELoginViewModel.m */; };
		F68C001124BD71DD003418AC /* UTGEAuthUseCaseImpl.m in Sources */ = {isa = PBXBuildFile; fileRef = F68C001024BD71DD003418AC /* UTGEAuthUseCaseImpl.m */; };
		F68C001524BDB1AD003418AC /* GEDANWFirebaseService.m in Sources */ = {isa = PBXBuildFile; fileRef = F68C001424BDB1AD003418AC /* GEDANWFirebaseService.m */; };
		F68C001924BDB221003418AC /* GEDANWAuthFirebase.m in Sources */ = {isa = PBXBuildFile; fileRef = F68C001824BDB221003418AC /* GEDANWAuthFirebase.m */; };
		F68CFFFC24BD5741003418AC /* GEDMUCUseCaseProvider.m in Sources */ = {isa = PBXBuildFile; fileRef = F68CFFFA24BD5741003418AC /* GEDMUCUseCaseProvider.m */; };
		F6E06F1C24BBFAAA00EE95E9 /* AppDelegate.m in Sources */ = {isa = PBXBuildFile; fileRef = F6E06F1B24BBFAAA00EE95E9 /* AppDelegate.m */; };
		F6E06F1F24BBFAAA00EE95E9 /* SceneDelegate.m in Sources */ = {isa = PBXBuildFile; fileRef = F6E06F1E24BBFAAA00EE95E9 /* SceneDelegate.m */; };
		F6E06F2824BBFAAA00EE95E9 /* MVVM_Clean_Flow_Skeleton.xcdatamodeld in Sources */ = {isa = PBXBuildFile; fileRef = F6E06F2624BBFAAA00EE95E9 /* MVVM_Clean_Flow_Skeleton.xcdatamodeld */; };
		F6E06F2A24BBFAAC00EE95E9 /* Assets.xcassets in Resources */ = {isa = PBXBuildFile; fileRef = F6E06F2924BBFAAC00EE95E9 /* Assets.xcassets */; };
		F6E06F2D24BBFAAC00EE95E9 /* LaunchScreen.storyboard in Resources */ = {isa = PBXBuildFile; fileRef = F6E06F2B24BBFAAC00EE95E9 /* LaunchScreen.storyboard */; };
		F6E06F3024BBFAAC00EE95E9 /* main.m in Sources */ = {isa = PBXBuildFile; fileRef = F6E06F2F24BBFAAC00EE95E9 /* main.m */; };
		F6E6DCFA24C152F5000C5928 /* GEUIAURegisterViewModel.m in Sources */ = {isa = PBXBuildFile; fileRef = F6E6DCF924C152F5000C5928 /* GEUIAURegisterViewModel.m */; };
		F6E6DD0024C187FC000C5928 /* GECOHomeCoordinator.m in Sources */ = {isa = PBXBuildFile; fileRef = F6E6DCFF24C187FC000C5928 /* GECOHomeCoordinator.m */; };
		F6E6DD0324C18882000C5928 /* GECOProfileCoordinator.m in Sources */ = {isa = PBXBuildFile; fileRef = F6E6DD0224C18882000C5928 /* GECOProfileCoordinator.m */; };
		F6E6DD0724C1935C000C5928 /* GEUIPRProfileViewController.m in Sources */ = {isa = PBXBuildFile; fileRef = F6E6DD0524C1935C000C5928 /* GEUIPRProfileViewController.m */; };
		F6E6DD0824C1935C000C5928 /* GEUIPRProfileViewController.xib in Resources */ = {isa = PBXBuildFile; fileRef = F6E6DD0624C1935C000C5928 /* GEUIPRProfileViewController.xib */; };
		F6E6DD0C24C19484000C5928 /* GEUIHOHomeViewController.m in Sources */ = {isa = PBXBuildFile; fileRef = F6E6DD0A24C19484000C5928 /* GEUIHOHomeViewController.m */; };
		F6E6DD0D24C19484000C5928 /* GEUIHOHomeViewController.xib in Resources */ = {isa = PBXBuildFile; fileRef = F6E6DD0B24C19484000C5928 /* GEUIHOHomeViewController.xib */; };
/* End PBXBuildFile section */

/* Begin PBXContainerItemProxy section */
		F68C000924BD6F45003418AC /* PBXContainerItemProxy */ = {
			isa = PBXContainerItemProxy;
			containerPortal = F6E06F0F24BBFAAA00EE95E9 /* Project object */;
			proxyType = 1;
			remoteGlobalIDString = F6E06F1624BBFAAA00EE95E9;
			remoteInfo = "MVVM-Clean-Flow-Skeleton";
		};
/* End PBXContainerItemProxy section */

/* Begin PBXFileReference section */
		077EE782D011D71F2393CC11 /* Pods_MVVM_Clean_Flow_Skeleton.framework */ = {isa = PBXFileReference; explicitFileType = wrapper.framework; includeInIndex = 0; path = Pods_MVVM_Clean_Flow_Skeleton.framework; sourceTree = BUILT_PRODUCTS_DIR; };
		0F5E38CE6E7978DD281B5C0D /* Pods-MVVM-Clean-Flow-Skeleton.release.xcconfig */ = {isa = PBXFileReference; includeInIndex = 1; lastKnownFileType = text.xcconfig; name = "Pods-MVVM-Clean-Flow-Skeleton.release.xcconfig"; path = "Target Support Files/Pods-MVVM-Clean-Flow-Skeleton/Pods-MVVM-Clean-Flow-Skeleton.release.xcconfig"; sourceTree = "<group>"; };
		12B2DD39D8507D11F51CE543 /* Pods-MVVM-Clean-Flow-SkeletonTests.debug.xcconfig */ = {isa = PBXFileReference; includeInIndex = 1; lastKnownFileType = text.xcconfig; name = "Pods-MVVM-Clean-Flow-SkeletonTests.debug.xcconfig"; path = "Target Support Files/Pods-MVVM-Clean-Flow-SkeletonTests/Pods-MVVM-Clean-Flow-SkeletonTests.debug.xcconfig"; sourceTree = "<group>"; };
		2549BD7276D30465FCFB34D6 /* Pods-MVVM-Clean-Flow-Skeleton.debug.xcconfig */ = {isa = PBXFileReference; includeInIndex = 1; lastKnownFileType = text.xcconfig; name = "Pods-MVVM-Clean-Flow-Skeleton.debug.xcconfig"; path = "Target Support Files/Pods-MVVM-Clean-Flow-Skeleton/Pods-MVVM-Clean-Flow-Skeleton.debug.xcconfig"; sourceTree = "<group>"; };
		A0B6629F6C23A98E016B5315 /* Pods-MVVM-Clean-Flow-SkeletonTests.release.xcconfig */ = {isa = PBXFileReference; includeInIndex = 1; lastKnownFileType = text.xcconfig; name = "Pods-MVVM-Clean-Flow-SkeletonTests.release.xcconfig"; path = "Target Support Files/Pods-MVVM-Clean-Flow-SkeletonTests/Pods-MVVM-Clean-Flow-SkeletonTests.release.xcconfig"; sourceTree = "<group>"; };
		ECE72493BB045E9129A69D8F /* Pods_MVVM_Clean_Flow_SkeletonTests.framework */ = {isa = PBXFileReference; explicitFileType = wrapper.framework; includeInIndex = 0; path = Pods_MVVM_Clean_Flow_SkeletonTests.framework; sourceTree = BUILT_PRODUCTS_DIR; };
		F66B5A6D24BC077B00CCA0F2 /* GEUIAULoginViewController.xib */ = {isa = PBXFileReference; lastKnownFileType = file.xib; path = GEUIAULoginViewController.xib; sourceTree = "<group>"; };
		F66B5A6F24BC08A100CCA0F2 /* GEUIAULoginViewController.h */ = {isa = PBXFileReference; lastKnownFileType = sourcecode.c.h; path = GEUIAULoginViewController.h; sourceTree = "<group>"; };
		F66B5A7024BC08D400CCA0F2 /* GEUIAULoginViewController.m */ = {isa = PBXFileReference; lastKnownFileType = sourcecode.c.objc; path = GEUIAULoginViewController.m; sourceTree = "<group>"; };
		F66B5A7324BC095200CCA0F2 /* GECOCoordinator.h */ = {isa = PBXFileReference; lastKnownFileType = sourcecode.c.h; path = GECOCoordinator.h; sourceTree = "<group>"; };
		F66B5A7424BC09F700CCA0F2 /* GECOAppCoordinator.h */ = {isa = PBXFileReference; lastKnownFileType = sourcecode.c.h; path = GECOAppCoordinator.h; sourceTree = "<group>"; };
		F66B5A7524BC0A3600CCA0F2 /* GECOAppCoordinator.m */ = {isa = PBXFileReference; lastKnownFileType = sourcecode.c.objc; path = GECOAppCoordinator.m; sourceTree = "<group>"; };
		F66B5A7F24BC319100CCA0F2 /* GEUIAURegisterViewController.h */ = {isa = PBXFileReference; lastKnownFileType = sourcecode.c.h; path = GEUIAURegisterViewController.h; sourceTree = "<group>"; };
		F66B5A8024BC319100CCA0F2 /* GEUIAURegisterViewController.m */ = {isa = PBXFileReference; lastKnownFileType = sourcecode.c.objc; path = GEUIAURegisterViewController.m; sourceTree = "<group>"; };
		F66B5A8124BC319100CCA0F2 /* GEUIAURegisterViewController.xib */ = {isa = PBXFileReference; lastKnownFileType = file.xib; path = GEUIAURegisterViewController.xib; sourceTree = "<group>"; };
		F66B5A8C24BC364300CCA0F2 /* GECOAuthCoordinator.m */ = {isa = PBXFileReference; lastKnownFileType = sourcecode.c.objc; path = GECOAuthCoordinator.m; sourceTree = "<group>"; };
		F66B5A8E24BC364F00CCA0F2 /* GECOAuthCoordinator.h */ = {isa = PBXFileReference; lastKnownFileType = sourcecode.c.h; path = GECOAuthCoordinator.h; sourceTree = "<group>"; };
		F66B5A8F24BC451300CCA0F2 /* GEUIAULoginDelegate.h */ = {isa = PBXFileReference; lastKnownFileType = sourcecode.c.h; path = GEUIAULoginDelegate.h; sourceTree = "<group>"; };
		F66B5A9024BC4DBF00CCA0F2 /* GEUIAULoginViewModel.h */ = {isa = PBXFileReference; lastKnownFileType = sourcecode.c.h; path = GEUIAULoginViewModel.h; sourceTree = "<group>"; };
		F66B5A9124BC4DBF00CCA0F2 /* GEUIAULoginViewModel.m */ = {isa = PBXFileReference; lastKnownFileType = sourcecode.c.objc; path = GEUIAULoginViewModel.m; sourceTree = "<group>"; };
		F66B5A9A24BC510F00CCA0F2 /* GEDMMDLoginModel.h */ = {isa = PBXFileReference; fileEncoding = 4; lastKnownFileType = sourcecode.c.h; path = GEDMMDLoginModel.h; sourceTree = "<group>"; };
		F66B5A9B24BC510F00CCA0F2 /* GEDMMDLoginModel.m */ = {isa = PBXFileReference; fileEncoding = 4; lastKnownFileType = sourcecode.c.objc; path = GEDMMDLoginModel.m; sourceTree = "<group>"; };
		F66B5AA624BC512000CCA0F2 /* GEDANWApiService.h */ = {isa = PBXFileReference; fileEncoding = 4; lastKnownFileType = sourcecode.c.h; path = GEDANWApiService.h; sourceTree = "<group>"; };
		F66B5AA724BC512000CCA0F2 /* GEDANWApiService.m */ = {isa = PBXFileReference; fileEncoding = 4; lastKnownFileType = sourcecode.c.objc; path = GEDANWApiService.m; sourceTree = "<group>"; };
		F66B5AA924BC512000CCA0F2 /* GEDANWAuthAPI.m */ = {isa = PBXFileReference; fileEncoding = 4; lastKnownFileType = sourcecode.c.objc; path = GEDANWAuthAPI.m; sourceTree = "<group>"; };
		F66B5AAA24BC512000CCA0F2 /* GEDANWLoginApiModel.h */ = {isa = PBXFileReference; fileEncoding = 4; lastKnownFileType = sourcecode.c.h; path = GEDANWLoginApiModel.h; sourceTree = "<group>"; };
		F66B5AAB24BC512000CCA0F2 /* GEDANWLoginApiModel.m */ = {isa = PBXFileReference; fileEncoding = 4; lastKnownFileType = sourcecode.c.objc; path = GEDANWLoginApiModel.m; sourceTree = "<group>"; };
		F66B5AAC24BC512000CCA0F2 /* GEDANWAuthAPI.h */ = {isa = PBXFileReference; fileEncoding = 4; lastKnownFileType = sourcecode.c.h; path = GEDANWAuthAPI.h; sourceTree = "<group>"; };
		F66B5AB324BC524200CCA0F2 /* NSUserDefaults+GBUser.m */ = {isa = PBXFileReference; fileEncoding = 4; lastKnownFileType = sourcecode.c.objc; path = "NSUserDefaults+GBUser.m"; sourceTree = "<group>"; };
		F66B5AB424BC524200CCA0F2 /* GEDANWBaseApiModel.h */ = {isa = PBXFileReference; fileEncoding = 4; lastKnownFileType = sourcecode.c.h; path = GEDANWBaseApiModel.h; sourceTree = "<group>"; };
		F66B5AB524BC524200CCA0F2 /* NSUserDefaults+GBUser.h */ = {isa = PBXFileReference; fileEncoding = 4; lastKnownFileType = sourcecode.c.h; path = "NSUserDefaults+GBUser.h"; sourceTree = "<group>"; };
		F66B5AB624BC524200CCA0F2 /* GEDANWBaseApiModel.m */ = {isa = PBXFileReference; fileEncoding = 4; lastKnownFileType = sourcecode.c.objc; path = GEDANWBaseApiModel.m; sourceTree = "<group>"; };
		F67B9A4E24BEAA1000FB1508 /* GEDALCDataProvider.h */ = {isa = PBXFileReference; lastKnownFileType = sourcecode.c.h; path = GEDALCDataProvider.h; sourceTree = "<group>"; };
		F67B9A4F24BEAA1000FB1508 /* GEDALCDataProvider.m */ = {isa = PBXFileReference; lastKnownFileType = sourcecode.c.objc; path = GEDALCDataProvider.m; sourceTree = "<group>"; };
		F67B9A5224BEB63C00FB1508 /* UICKeyChainStore+KCGEAuthKeyChain.h */ = {isa = PBXFileReference; lastKnownFileType = sourcecode.c.h; path = "UICKeyChainStore+KCGEAuthKeyChain.h"; sourceTree = "<group>"; };
		F67B9A5324BEB63C00FB1508 /* UICKeyChainStore+KCGEAuthKeyChain.m */ = {isa = PBXFileReference; lastKnownFileType = sourcecode.c.objc; path = "UICKeyChainStore+KCGEAuthKeyChain.m"; sourceTree = "<group>"; };
		F67B9A5724BEB87D00FB1508 /* GEDMUCAuthUseCase.h */ = {isa = PBXFileReference; lastKnownFileType = sourcecode.c.h; path = GEDMUCAuthUseCase.h; sourceTree = "<group>"; };
		F67B9A5824BEB87D00FB1508 /* GEDMUCAuthUseCase.m */ = {isa = PBXFileReference; lastKnownFileType = sourcecode.c.objc; path = GEDMUCAuthUseCase.m; sourceTree = "<group>"; };
		F67B9A5A24BF283C00FB1508 /* GEDANWAuthNetwork.h */ = {isa = PBXFileReference; lastKnownFileType = sourcecode.c.h; path = GEDANWAuthNetwork.h; sourceTree = "<group>"; };
		F67B9A5D24BF2BEE00FB1508 /* GEDANWAuthNetworkFactory.h */ = {isa = PBXFileReference; lastKnownFileType = sourcecode.c.h; path = GEDANWAuthNetworkFactory.h; sourceTree = "<group>"; };
		F67B9A5E24BF2BEE00FB1508 /* GEDANWAuthNetworkFactory.m */ = {isa = PBXFileReference; lastKnownFileType = sourcecode.c.objc; path = GEDANWAuthNetworkFactory.m; sourceTree = "<group>"; };
		F68C000424BD6F45003418AC /* MVVM-Clean-Flow-SkeletonTests.xctest */ = {isa = PBXFileReference; explicitFileType = wrapper.cfbundle; includeInIndex = 0; path = "MVVM-Clean-Flow-SkeletonTests.xctest"; sourceTree = BUILT_PRODUCTS_DIR; };
		F68C000824BD6F45003418AC /* Info.plist */ = {isa = PBXFileReference; lastKnownFileType = text.plist.xml; path = Info.plist; sourceTree = "<group>"; };
		F68C000F24BD71DD003418AC /* UTGEAuthUseCaseImpl.h */ = {isa = PBXFileReference; lastKnownFileType = sourcecode.c.h; path = UTGEAuthUseCaseImpl.h; sourceTree = "<group>"; };
		F68C001024BD71DD003418AC /* UTGEAuthUseCaseImpl.m */ = {isa = PBXFileReference; lastKnownFileType = sourcecode.c.objc; path = UTGEAuthUseCaseImpl.m; sourceTree = "<group>"; };
		F68C001324BDB1AD003418AC /* GEDANWFirebaseService.h */ = {isa = PBXFileReference; lastKnownFileType = sourcecode.c.h; path = GEDANWFirebaseService.h; sourceTree = "<group>"; };
		F68C001424BDB1AD003418AC /* GEDANWFirebaseService.m */ = {isa = PBXFileReference; lastKnownFileType = sourcecode.c.objc; path = GEDANWFirebaseService.m; sourceTree = "<group>"; };
		F68C001724BDB221003418AC /* GEDANWAuthFirebase.h */ = {isa = PBXFileReference; lastKnownFileType = sourcecode.c.h; path = GEDANWAuthFirebase.h; sourceTree = "<group>"; };
		F68C001824BDB221003418AC /* GEDANWAuthFirebase.m */ = {isa = PBXFileReference; lastKnownFileType = sourcecode.c.objc; path = GEDANWAuthFirebase.m; sourceTree = "<group>"; };
		F68CFFFA24BD5741003418AC /* GEDMUCUseCaseProvider.m */ = {isa = PBXFileReference; fileEncoding = 4; lastKnownFileType = sourcecode.c.objc; path = GEDMUCUseCaseProvider.m; sourceTree = "<group>"; };
		F68CFFFB24BD5741003418AC /* GEDMUCUseCaseProvider.h */ = {isa = PBXFileReference; fileEncoding = 4; lastKnownFileType = sourcecode.c.h; path = GEDMUCUseCaseProvider.h; sourceTree = "<group>"; };
		F68CFFFD24BD6CCB003418AC /* UTGELoginViewModel.m */ = {isa = PBXFileReference; lastKnownFileType = sourcecode.c.objc; path = UTGELoginViewModel.m; sourceTree = "<group>"; };
		F6E06F1724BBFAAA00EE95E9 /* MVVM-Clean-Flow-Skeleton.app */ = {isa = PBXFileReference; explicitFileType = wrapper.application; includeInIndex = 0; path = "MVVM-Clean-Flow-Skeleton.app"; sourceTree = BUILT_PRODUCTS_DIR; };
		F6E06F1A24BBFAAA00EE95E9 /* AppDelegate.h */ = {isa = PBXFileReference; lastKnownFileType = sourcecode.c.h; path = AppDelegate.h; sourceTree = "<group>"; };
		F6E06F1B24BBFAAA00EE95E9 /* AppDelegate.m */ = {isa = PBXFileReference; lastKnownFileType = sourcecode.c.objc; path = AppDelegate.m; sourceTree = "<group>"; };
		F6E06F1D24BBFAAA00EE95E9 /* SceneDelegate.h */ = {isa = PBXFileReference; lastKnownFileType = sourcecode.c.h; path = SceneDelegate.h; sourceTree = "<group>"; };
		F6E06F1E24BBFAAA00EE95E9 /* SceneDelegate.m */ = {isa = PBXFileReference; lastKnownFileType = sourcecode.c.objc; path = SceneDelegate.m; sourceTree = "<group>"; };
		F6E06F2724BBFAAA00EE95E9 /* MVVM_Clean_Flow_Skeleton.xcdatamodel */ = {isa = PBXFileReference; lastKnownFileType = wrapper.xcdatamodel; path = MVVM_Clean_Flow_Skeleton.xcdatamodel; sourceTree = "<group>"; };
		F6E06F2924BBFAAC00EE95E9 /* Assets.xcassets */ = {isa = PBXFileReference; lastKnownFileType = folder.assetcatalog; path = Assets.xcassets; sourceTree = "<group>"; };
		F6E06F2C24BBFAAC00EE95E9 /* Base */ = {isa = PBXFileReference; lastKnownFileType = file.storyboard; name = Base; path = Base.lproj/LaunchScreen.storyboard; sourceTree = "<group>"; };
		F6E06F2E24BBFAAC00EE95E9 /* Info.plist */ = {isa = PBXFileReference; lastKnownFileType = text.plist.xml; path = Info.plist; sourceTree = "<group>"; };
		F6E06F2F24BBFAAC00EE95E9 /* main.m */ = {isa = PBXFileReference; lastKnownFileType = sourcecode.c.objc; path = main.m; sourceTree = "<group>"; };
		F6E6DCF824C152F5000C5928 /* GEUIAURegisterViewModel.h */ = {isa = PBXFileReference; lastKnownFileType = sourcecode.c.h; path = GEUIAURegisterViewModel.h; sourceTree = "<group>"; };
		F6E6DCF924C152F5000C5928 /* GEUIAURegisterViewModel.m */ = {isa = PBXFileReference; lastKnownFileType = sourcecode.c.objc; path = GEUIAURegisterViewModel.m; sourceTree = "<group>"; };
		F6E6DCFE24C187FC000C5928 /* GECOHomeCoordinator.h */ = {isa = PBXFileReference; lastKnownFileType = sourcecode.c.h; path = GECOHomeCoordinator.h; sourceTree = "<group>"; };
		F6E6DCFF24C187FC000C5928 /* GECOHomeCoordinator.m */ = {isa = PBXFileReference; lastKnownFileType = sourcecode.c.objc; path = GECOHomeCoordinator.m; sourceTree = "<group>"; };
		F6E6DD0124C18882000C5928 /* GECOProfileCoordinator.h */ = {isa = PBXFileReference; lastKnownFileType = sourcecode.c.h; path = GECOProfileCoordinator.h; sourceTree = "<group>"; };
		F6E6DD0224C18882000C5928 /* GECOProfileCoordinator.m */ = {isa = PBXFileReference; lastKnownFileType = sourcecode.c.objc; path = GECOProfileCoordinator.m; sourceTree = "<group>"; };
		F6E6DD0424C1935C000C5928 /* GEUIPRProfileViewController.h */ = {isa = PBXFileReference; lastKnownFileType = sourcecode.c.h; path = GEUIPRProfileViewController.h; sourceTree = "<group>"; };
		F6E6DD0524C1935C000C5928 /* GEUIPRProfileViewController.m */ = {isa = PBXFileReference; lastKnownFileType = sourcecode.c.objc; path = GEUIPRProfileViewController.m; sourceTree = "<group>"; };
		F6E6DD0624C1935C000C5928 /* GEUIPRProfileViewController.xib */ = {isa = PBXFileReference; lastKnownFileType = file.xib; path = GEUIPRProfileViewController.xib; sourceTree = "<group>"; };
		F6E6DD0924C19484000C5928 /* GEUIHOHomeViewController.h */ = {isa = PBXFileReference; lastKnownFileType = sourcecode.c.h; path = GEUIHOHomeViewController.h; sourceTree = "<group>"; };
		F6E6DD0A24C19484000C5928 /* GEUIHOHomeViewController.m */ = {isa = PBXFileReference; lastKnownFileType = sourcecode.c.objc; path = GEUIHOHomeViewController.m; sourceTree = "<group>"; };
		F6E6DD0B24C19484000C5928 /* GEUIHOHomeViewController.xib */ = {isa = PBXFileReference; lastKnownFileType = file.xib; path = GEUIHOHomeViewController.xib; sourceTree = "<group>"; };
		F6E6DD0E24C19970000C5928 /* GECOAuthCoordinatorDelegate.h */ = {isa = PBXFileReference; lastKnownFileType = sourcecode.c.h; path = GECOAuthCoordinatorDelegate.h; sourceTree = "<group>"; };
		F6E6DD0F24C1A78A000C5928 /* GECOHomeCoordinatorDelegate.h */ = {isa = PBXFileReference; lastKnownFileType = sourcecode.c.h; path = GECOHomeCoordinatorDelegate.h; sourceTree = "<group>"; };
/* End PBXFileReference section */

/* Begin PBXFrameworksBuildPhase section */
		F68C000124BD6F45003418AC /* Frameworks */ = {
			isa = PBXFrameworksBuildPhase;
			buildActionMask = 2147483647;
			files = (
				27484B4403F9D0C7D225F533 /* Pods_MVVM_Clean_Flow_SkeletonTests.framework in Frameworks */,
			);
			runOnlyForDeploymentPostprocessing = 0;
		};
		F6E06F1424BBFAAA00EE95E9 /* Frameworks */ = {
			isa = PBXFrameworksBuildPhase;
			buildActionMask = 2147483647;
			files = (
				413CFF14B12755668D647F82 /* Pods_MVVM_Clean_Flow_Skeleton.framework in Frameworks */,
			);
			runOnlyForDeploymentPostprocessing = 0;
		};
/* End PBXFrameworksBuildPhase section */

/* Begin PBXGroup section */
		70241B2ECE20407B9E9BE140 /* Pods */ = {
			isa = PBXGroup;
			children = (
				2549BD7276D30465FCFB34D6 /* Pods-MVVM-Clean-Flow-Skeleton.debug.xcconfig */,
				0F5E38CE6E7978DD281B5C0D /* Pods-MVVM-Clean-Flow-Skeleton.release.xcconfig */,
				12B2DD39D8507D11F51CE543 /* Pods-MVVM-Clean-Flow-SkeletonTests.debug.xcconfig */,
				A0B6629F6C23A98E016B5315 /* Pods-MVVM-Clean-Flow-SkeletonTests.release.xcconfig */,
			);
			path = Pods;
			sourceTree = "<group>";
		};
		AE5D8A884C8E77ADCFF5ADEE /* Frameworks */ = {
			isa = PBXGroup;
			children = (
				077EE782D011D71F2393CC11 /* Pods_MVVM_Clean_Flow_Skeleton.framework */,
				ECE72493BB045E9129A69D8F /* Pods_MVVM_Clean_Flow_SkeletonTests.framework */,
			);
			name = Frameworks;
			sourceTree = "<group>";
		};
		F6699EA424BFF5E20064553E /* local */ = {
			isa = PBXGroup;
			children = (
				F67B9A5124BEB57A00FB1508 /* keychain */,
				F67B9A4D24BEA9CA00FB1508 /* userdefault */,
				F67B9A4C24BEA9B200FB1508 /* core */,
				F67B9A4E24BEAA1000FB1508 /* GEDALCDataProvider.h */,
				F67B9A4F24BEAA1000FB1508 /* GEDALCDataProvider.m */,
			);
			path = local;
			sourceTree = "<group>";
		};
		F6699EA624BFF6BE0064553E /* ui */ = {
			isa = PBXGroup;
			children = (
				F6E6DCFD24C17A56000C5928 /* profile */,
				F6E6DCFC24C17A2C000C5928 /* home */,
				F6E6DCFB24C17A23000C5928 /* onboarding */,
				F66B5A6C24BC074300CCA0F2 /* auth */,
			);
			path = ui;
			sourceTree = "<group>";
		};
		F66B5A6C24BC074300CCA0F2 /* auth */ = {
			isa = PBXGroup;
			children = (
				F66B5A8524BC31E700CCA0F2 /* register */,
				F66B5A8424BC31DE00CCA0F2 /* login */,
				F66B5A8E24BC364F00CCA0F2 /* GECOAuthCoordinator.h */,
				F66B5A8C24BC364300CCA0F2 /* GECOAuthCoordinator.m */,
				F6E6DD0E24C19970000C5928 /* GECOAuthCoordinatorDelegate.h */,
			);
			path = auth;
			sourceTree = "<group>";
		};
		F66B5A7224BC091000CCA0F2 /* app */ = {
			isa = PBXGroup;
			children = (
				F6E06F1A24BBFAAA00EE95E9 /* AppDelegate.h */,
				F6E06F1B24BBFAAA00EE95E9 /* AppDelegate.m */,
				F6E06F1D24BBFAAA00EE95E9 /* SceneDelegate.h */,
				F6E06F1E24BBFAAA00EE95E9 /* SceneDelegate.m */,
				F66B5A7324BC095200CCA0F2 /* GECOCoordinator.h */,
				F66B5A7424BC09F700CCA0F2 /* GECOAppCoordinator.h */,
				F66B5A7524BC0A3600CCA0F2 /* GECOAppCoordinator.m */,
			);
			path = app;
			sourceTree = "<group>";
		};
		F66B5A8424BC31DE00CCA0F2 /* login */ = {
			isa = PBXGroup;
			children = (
				F66B5A6D24BC077B00CCA0F2 /* GEUIAULoginViewController.xib */,
				F66B5A6F24BC08A100CCA0F2 /* GEUIAULoginViewController.h */,
				F66B5A7024BC08D400CCA0F2 /* GEUIAULoginViewController.m */,
				F66B5A8F24BC451300CCA0F2 /* GEUIAULoginDelegate.h */,
				F66B5A9024BC4DBF00CCA0F2 /* GEUIAULoginViewModel.h */,
				F66B5A9124BC4DBF00CCA0F2 /* GEUIAULoginViewModel.m */,
			);
			path = login;
			sourceTree = "<group>";
		};
		F66B5A8524BC31E700CCA0F2 /* register */ = {
			isa = PBXGroup;
			children = (
				F66B5A7F24BC319100CCA0F2 /* GEUIAURegisterViewController.h */,
				F66B5A8024BC319100CCA0F2 /* GEUIAURegisterViewController.m */,
				F66B5A8124BC319100CCA0F2 /* GEUIAURegisterViewController.xib */,
				F6E6DCF824C152F5000C5928 /* GEUIAURegisterViewModel.h */,
				F6E6DCF924C152F5000C5928 /* GEUIAURegisterViewModel.m */,
			);
			path = register;
			sourceTree = "<group>";
		};
		F66B5A9524BC510F00CCA0F2 /* domain */ = {
			isa = PBXGroup;
			children = (
				F67B9A5524BEB84100FB1508 /* usecase */,
				F66B5A9924BC510F00CCA0F2 /* model */,
			);
			path = domain;
			sourceTree = "<group>";
		};
		F66B5A9924BC510F00CCA0F2 /* model */ = {
			isa = PBXGroup;
			children = (
				F66B5A9A24BC510F00CCA0F2 /* GEDMMDLoginModel.h */,
				F66B5A9B24BC510F00CCA0F2 /* GEDMMDLoginModel.m */,
			);
			path = model;
			sourceTree = "<group>";
		};
		F66B5AA224BC512000CCA0F2 /* network */ = {
			isa = PBXGroup;
			children = (
				F67B9A5C24BF2BCF00FB1508 /* factory */,
				F67B9A5B24BF28A200FB1508 /* protocol */,
				F66B5AA424BC512000CCA0F2 /* firebase */,
				F66B5AA524BC512000CCA0F2 /* api */,
			);
			path = network;
			sourceTree = "<group>";
		};
		F66B5AA424BC512000CCA0F2 /* firebase */ = {
			isa = PBXGroup;
			children = (
				F68C001624BDB201003418AC /* authentication */,
				F68C001324BDB1AD003418AC /* GEDANWFirebaseService.h */,
				F68C001424BDB1AD003418AC /* GEDANWFirebaseService.m */,
			);
			path = firebase;
			sourceTree = "<group>";
		};
		F66B5AA524BC512000CCA0F2 /* api */ = {
			isa = PBXGroup;
			children = (
				F68C001224BDAF80003418AC /* model */,
				F66B5AA624BC512000CCA0F2 /* GEDANWApiService.h */,
				F66B5AA724BC512000CCA0F2 /* GEDANWApiService.m */,
				F66B5AA824BC512000CCA0F2 /* authentication */,
			);
			path = api;
			sourceTree = "<group>";
		};
		F66B5AA824BC512000CCA0F2 /* authentication */ = {
			isa = PBXGroup;
			children = (
				F66B5AAC24BC512000CCA0F2 /* GEDANWAuthAPI.h */,
				F66B5AA924BC512000CCA0F2 /* GEDANWAuthAPI.m */,
			);
			path = authentication;
			sourceTree = "<group>";
		};
		F67B9A4B24BEA9A500FB1508 /* data */ = {
			isa = PBXGroup;
			children = (
				F66B5AA224BC512000CCA0F2 /* network */,
				F6699EA424BFF5E20064553E /* local */,
			);
			path = data;
			sourceTree = "<group>";
		};
		F67B9A4C24BEA9B200FB1508 /* core */ = {
			isa = PBXGroup;
			children = (
			);
			path = core;
			sourceTree = "<group>";
		};
		F67B9A4D24BEA9CA00FB1508 /* userdefault */ = {
			isa = PBXGroup;
			children = (
				F66B5AB324BC524200CCA0F2 /* NSUserDefaults+GBUser.m */,
				F66B5AB524BC524200CCA0F2 /* NSUserDefaults+GBUser.h */,
			);
			path = userdefault;
			sourceTree = "<group>";
		};
		F67B9A5124BEB57A00FB1508 /* keychain */ = {
			isa = PBXGroup;
			children = (
				F67B9A5224BEB63C00FB1508 /* UICKeyChainStore+KCGEAuthKeyChain.h */,
				F67B9A5324BEB63C00FB1508 /* UICKeyChainStore+KCGEAuthKeyChain.m */,
			);
			path = keychain;
			sourceTree = "<group>";
		};
		F67B9A5524BEB84100FB1508 /* usecase */ = {
			isa = PBXGroup;
			children = (
				F67B9A5624BEB85300FB1508 /* auth */,
				F68CFFFB24BD5741003418AC /* GEDMUCUseCaseProvider.h */,
				F68CFFFA24BD5741003418AC /* GEDMUCUseCaseProvider.m */,
			);
			path = usecase;
			sourceTree = "<group>";
		};
		F67B9A5624BEB85300FB1508 /* auth */ = {
			isa = PBXGroup;
			children = (
				F67B9A5724BEB87D00FB1508 /* GEDMUCAuthUseCase.h */,
				F67B9A5824BEB87D00FB1508 /* GEDMUCAuthUseCase.m */,
			);
			path = auth;
			sourceTree = "<group>";
		};
		F67B9A5B24BF28A200FB1508 /* protocol */ = {
			isa = PBXGroup;
			children = (
				F67B9A5A24BF283C00FB1508 /* GEDANWAuthNetwork.h */,
			);
			path = protocol;
			sourceTree = "<group>";
		};
		F67B9A5C24BF2BCF00FB1508 /* factory */ = {
			isa = PBXGroup;
			children = (
				F67B9A5D24BF2BEE00FB1508 /* GEDANWAuthNetworkFactory.h */,
				F67B9A5E24BF2BEE00FB1508 /* GEDANWAuthNetworkFactory.m */,
			);
			path = factory;
			sourceTree = "<group>";
		};
		F68C000524BD6F45003418AC /* MVVM-Clean-Flow-SkeletonTests */ = {
			isa = PBXGroup;
			children = (
				F68CFFFD24BD6CCB003418AC /* UTGELoginViewModel.m */,
				F68C000824BD6F45003418AC /* Info.plist */,
				F68C000F24BD71DD003418AC /* UTGEAuthUseCaseImpl.h */,
				F68C001024BD71DD003418AC /* UTGEAuthUseCaseImpl.m */,
			);
			path = "MVVM-Clean-Flow-SkeletonTests";
			sourceTree = "<group>";
		};
		F68C001224BDAF80003418AC /* model */ = {
			isa = PBXGroup;
			children = (
				F66B5AB424BC524200CCA0F2 /* GEDANWBaseApiModel.h */,
				F66B5AB624BC524200CCA0F2 /* GEDANWBaseApiModel.m */,
				F66B5AAA24BC512000CCA0F2 /* GEDANWLoginApiModel.h */,
				F66B5AAB24BC512000CCA0F2 /* GEDANWLoginApiModel.m */,
			);
			path = model;
			sourceTree = "<group>";
		};
		F68C001624BDB201003418AC /* authentication */ = {
			isa = PBXGroup;
			children = (
				F68C001724BDB221003418AC /* GEDANWAuthFirebase.h */,
				F68C001824BDB221003418AC /* GEDANWAuthFirebase.m */,
			);
			path = authentication;
			sourceTree = "<group>";
		};
		F6E06F0E24BBFAAA00EE95E9 = {
			isa = PBXGroup;
			children = (
				F6E06F1924BBFAAA00EE95E9 /* MVVM-Clean-Flow-Skeleton */,
				F68C000524BD6F45003418AC /* MVVM-Clean-Flow-SkeletonTests */,
				F6E06F1824BBFAAA00EE95E9 /* Products */,
				70241B2ECE20407B9E9BE140 /* Pods */,
				AE5D8A884C8E77ADCFF5ADEE /* Frameworks */,
			);
			sourceTree = "<group>";
		};
		F6E06F1824BBFAAA00EE95E9 /* Products */ = {
			isa = PBXGroup;
			children = (
				F6E06F1724BBFAAA00EE95E9 /* MVVM-Clean-Flow-Skeleton.app */,
				F68C000424BD6F45003418AC /* MVVM-Clean-Flow-SkeletonTests.xctest */,
			);
			name = Products;
			sourceTree = "<group>";
		};
		F6E06F1924BBFAAA00EE95E9 /* MVVM-Clean-Flow-Skeleton */ = {
			isa = PBXGroup;
			children = (
				F6699EA624BFF6BE0064553E /* ui */,
				F67B9A4B24BEA9A500FB1508 /* data */,
				F66B5A9524BC510F00CCA0F2 /* domain */,
				F66B5A7224BC091000CCA0F2 /* app */,
				F6E06F2924BBFAAC00EE95E9 /* Assets.xcassets */,
				F6E06F2B24BBFAAC00EE95E9 /* LaunchScreen.storyboard */,
				F6E06F2E24BBFAAC00EE95E9 /* Info.plist */,
				F6E06F2F24BBFAAC00EE95E9 /* main.m */,
				F6E06F2624BBFAAA00EE95E9 /* MVVM_Clean_Flow_Skeleton.xcdatamodeld */,
			);
			path = "MVVM-Clean-Flow-Skeleton";
			sourceTree = "<group>";
		};
		F6E6DCFB24C17A23000C5928 /* onboarding */ = {
			isa = PBXGroup;
			children = (
			);
			path = onboarding;
			sourceTree = "<group>";
		};
		F6E6DCFC24C17A2C000C5928 /* home */ = {
			isa = PBXGroup;
			children = (
				F6E6DCFE24C187FC000C5928 /* GECOHomeCoordinator.h */,
				F6E6DCFF24C187FC000C5928 /* GECOHomeCoordinator.m */,
				F6E6DD0924C19484000C5928 /* GEUIHOHomeViewController.h */,
				F6E6DD0A24C19484000C5928 /* GEUIHOHomeViewController.m */,
				F6E6DD0B24C19484000C5928 /* GEUIHOHomeViewController.xib */,
				F6E6DD0F24C1A78A000C5928 /* GECOHomeCoordinatorDelegate.h */,
			);
			path = home;
			sourceTree = "<group>";
		};
		F6E6DCFD24C17A56000C5928 /* profile */ = {
			isa = PBXGroup;
			children = (
				F6E6DD0124C18882000C5928 /* GECOProfileCoordinator.h */,
				F6E6DD0224C18882000C5928 /* GECOProfileCoordinator.m */,
				F6E6DD0424C1935C000C5928 /* GEUIPRProfileViewController.h */,
				F6E6DD0524C1935C000C5928 /* GEUIPRProfileViewController.m */,
				F6E6DD0624C1935C000C5928 /* GEUIPRProfileViewController.xib */,
			);
			path = profile;
			sourceTree = "<group>";
		};
/* End PBXGroup section */

/* Begin PBXNativeTarget section */
		F68C000324BD6F45003418AC /* MVVM-Clean-Flow-SkeletonTests */ = {
			isa = PBXNativeTarget;
			buildConfigurationList = F68C000B24BD6F45003418AC /* Build configuration list for PBXNativeTarget "MVVM-Clean-Flow-SkeletonTests" */;
			buildPhases = (
				3C35FC2620ED5942ECF2D4D1 /* [CP] Check Pods Manifest.lock */,
				F68C000024BD6F45003418AC /* Sources */,
				F68C000124BD6F45003418AC /* Frameworks */,
				F68C000224BD6F45003418AC /* Resources */,
				3FC1D3067116EA640ACBD555 /* [CP] Embed Pods Frameworks */,
			);
			buildRules = (
			);
			dependencies = (
				F68C000A24BD6F45003418AC /* PBXTargetDependency */,
			);
			name = "MVVM-Clean-Flow-SkeletonTests";
			productName = "MVVM-Clean-Flow-SkeletonTests";
			productReference = F68C000424BD6F45003418AC /* MVVM-Clean-Flow-SkeletonTests.xctest */;
			productType = "com.apple.product-type.bundle.unit-test";
		};
		F6E06F1624BBFAAA00EE95E9 /* MVVM-Clean-Flow-Skeleton */ = {
			isa = PBXNativeTarget;
			buildConfigurationList = F6E06F3324BBFAAC00EE95E9 /* Build configuration list for PBXNativeTarget "MVVM-Clean-Flow-Skeleton" */;
			buildPhases = (
				9D24425CEADE71AE2B530D13 /* [CP] Check Pods Manifest.lock */,
				F6E06F1324BBFAAA00EE95E9 /* Sources */,
				F6E06F1424BBFAAA00EE95E9 /* Frameworks */,
				F6E06F1524BBFAAA00EE95E9 /* Resources */,
				EABD94454D0F9D91B15FD9D6 /* [CP] Embed Pods Frameworks */,
			);
			buildRules = (
			);
			dependencies = (
			);
			name = "MVVM-Clean-Flow-Skeleton";
			productName = "MVVM-Clean-Flow-Skeleton";
			productReference = F6E06F1724BBFAAA00EE95E9 /* MVVM-Clean-Flow-Skeleton.app */;
			productType = "com.apple.product-type.application";
		};
/* End PBXNativeTarget section */

/* Begin PBXProject section */
		F6E06F0F24BBFAAA00EE95E9 /* Project object */ = {
			isa = PBXProject;
			attributes = {
				LastUpgradeCheck = 1150;
				ORGANIZATIONNAME = "Genie Truong";
				TargetAttributes = {
					F68C000324BD6F45003418AC = {
						CreatedOnToolsVersion = 11.5;
						TestTargetID = F6E06F1624BBFAAA00EE95E9;
					};
					F6E06F1624BBFAAA00EE95E9 = {
						CreatedOnToolsVersion = 11.5;
					};
				};
			};
			buildConfigurationList = F6E06F1224BBFAAA00EE95E9 /* Build configuration list for PBXProject "MVVM-Clean-Flow-Skeleton" */;
			compatibilityVersion = "Xcode 9.3";
			developmentRegion = en;
			hasScannedForEncodings = 0;
			knownRegions = (
				en,
				Base,
			);
			mainGroup = F6E06F0E24BBFAAA00EE95E9;
			productRefGroup = F6E06F1824BBFAAA00EE95E9 /* Products */;
			projectDirPath = "";
			projectRoot = "";
			targets = (
				F6E06F1624BBFAAA00EE95E9 /* MVVM-Clean-Flow-Skeleton */,
				F68C000324BD6F45003418AC /* MVVM-Clean-Flow-SkeletonTests */,
			);
		};
/* End PBXProject section */

/* Begin PBXResourcesBuildPhase section */
		F68C000224BD6F45003418AC /* Resources */ = {
			isa = PBXResourcesBuildPhase;
			buildActionMask = 2147483647;
			files = (
			);
			runOnlyForDeploymentPostprocessing = 0;
		};
		F6E06F1524BBFAAA00EE95E9 /* Resources */ = {
			isa = PBXResourcesBuildPhase;
			buildActionMask = 2147483647;
			files = (
				F6E06F2D24BBFAAC00EE95E9 /* LaunchScreen.storyboard in Resources */,
				F6E06F2A24BBFAAC00EE95E9 /* Assets.xcassets in Resources */,
				F6E6DD0824C1935C000C5928 /* GEUIPRProfileViewController.xib in Resources */,
				F66B5A6E24BC077B00CCA0F2 /* GEUIAULoginViewController.xib in Resources */,
				F6E6DD0D24C19484000C5928 /* GEUIHOHomeViewController.xib in Resources */,
				F66B5A8324BC319100CCA0F2 /* GEUIAURegisterViewController.xib in Resources */,
			);
			runOnlyForDeploymentPostprocessing = 0;
		};
/* End PBXResourcesBuildPhase section */

/* Begin PBXShellScriptBuildPhase section */
		3C35FC2620ED5942ECF2D4D1 /* [CP] Check Pods Manifest.lock */ = {
			isa = PBXShellScriptBuildPhase;
			buildActionMask = 2147483647;
			files = (
			);
			inputFileListPaths = (
			);
			inputPaths = (
				"${PODS_PODFILE_DIR_PATH}/Podfile.lock",
				"${PODS_ROOT}/Manifest.lock",
			);
			name = "[CP] Check Pods Manifest.lock";
			outputFileListPaths = (
			);
			outputPaths = (
				"$(DERIVED_FILE_DIR)/Pods-MVVM-Clean-Flow-SkeletonTests-checkManifestLockResult.txt",
			);
			runOnlyForDeploymentPostprocessing = 0;
			shellPath = /bin/sh;
			shellScript = "diff \"${PODS_PODFILE_DIR_PATH}/Podfile.lock\" \"${PODS_ROOT}/Manifest.lock\" > /dev/null\nif [ $? != 0 ] ; then\n    # print error to STDERR\n    echo \"error: The sandbox is not in sync with the Podfile.lock. Run 'pod install' or update your CocoaPods installation.\" >&2\n    exit 1\nfi\n# This output is used by Xcode 'outputs' to avoid re-running this script phase.\necho \"SUCCESS\" > \"${SCRIPT_OUTPUT_FILE_0}\"\n";
			showEnvVarsInLog = 0;
		};
		3FC1D3067116EA640ACBD555 /* [CP] Embed Pods Frameworks */ = {
			isa = PBXShellScriptBuildPhase;
			buildActionMask = 2147483647;
			files = (
			);
			inputFileListPaths = (
				"${PODS_ROOT}/Target Support Files/Pods-MVVM-Clean-Flow-SkeletonTests/Pods-MVVM-Clean-Flow-SkeletonTests-frameworks-${CONFIGURATION}-input-files.xcfilelist",
			);
			name = "[CP] Embed Pods Frameworks";
			outputFileListPaths = (
				"${PODS_ROOT}/Target Support Files/Pods-MVVM-Clean-Flow-SkeletonTests/Pods-MVVM-Clean-Flow-SkeletonTests-frameworks-${CONFIGURATION}-output-files.xcfilelist",
			);
			runOnlyForDeploymentPostprocessing = 0;
			shellPath = /bin/sh;
			shellScript = "\"${PODS_ROOT}/Target Support Files/Pods-MVVM-Clean-Flow-SkeletonTests/Pods-MVVM-Clean-Flow-SkeletonTests-frameworks.sh\"\n";
			showEnvVarsInLog = 0;
		};
		9D24425CEADE71AE2B530D13 /* [CP] Check Pods Manifest.lock */ = {
			isa = PBXShellScriptBuildPhase;
			buildActionMask = 2147483647;
			files = (
			);
			inputFileListPaths = (
			);
			inputPaths = (
				"${PODS_PODFILE_DIR_PATH}/Podfile.lock",
				"${PODS_ROOT}/Manifest.lock",
			);
			name = "[CP] Check Pods Manifest.lock";
			outputFileListPaths = (
			);
			outputPaths = (
				"$(DERIVED_FILE_DIR)/Pods-MVVM-Clean-Flow-Skeleton-checkManifestLockResult.txt",
			);
			runOnlyForDeploymentPostprocessing = 0;
			shellPath = /bin/sh;
			shellScript = "diff \"${PODS_PODFILE_DIR_PATH}/Podfile.lock\" \"${PODS_ROOT}/Manifest.lock\" > /dev/null\nif [ $? != 0 ] ; then\n    # print error to STDERR\n    echo \"error: The sandbox is not in sync with the Podfile.lock. Run 'pod install' or update your CocoaPods installation.\" >&2\n    exit 1\nfi\n# This output is used by Xcode 'outputs' to avoid re-running this script phase.\necho \"SUCCESS\" > \"${SCRIPT_OUTPUT_FILE_0}\"\n";
			showEnvVarsInLog = 0;
		};
		EABD94454D0F9D91B15FD9D6 /* [CP] Embed Pods Frameworks */ = {
			isa = PBXShellScriptBuildPhase;
			buildActionMask = 2147483647;
			files = (
			);
			inputFileListPaths = (
				"${PODS_ROOT}/Target Support Files/Pods-MVVM-Clean-Flow-Skeleton/Pods-MVVM-Clean-Flow-Skeleton-frameworks-${CONFIGURATION}-input-files.xcfilelist",
			);
			name = "[CP] Embed Pods Frameworks";
			outputFileListPaths = (
				"${PODS_ROOT}/Target Support Files/Pods-MVVM-Clean-Flow-Skeleton/Pods-MVVM-Clean-Flow-Skeleton-frameworks-${CONFIGURATION}-output-files.xcfilelist",
			);
			runOnlyForDeploymentPostprocessing = 0;
			shellPath = /bin/sh;
			shellScript = "\"${PODS_ROOT}/Target Support Files/Pods-MVVM-Clean-Flow-Skeleton/Pods-MVVM-Clean-Flow-Skeleton-frameworks.sh\"\n";
			showEnvVarsInLog = 0;
		};
/* End PBXShellScriptBuildPhase section */

/* Begin PBXSourcesBuildPhase section */
		F68C000024BD6F45003418AC /* Sources */ = {
			isa = PBXSourcesBuildPhase;
			buildActionMask = 2147483647;
			files = (
				F68C001124BD71DD003418AC /* UTGEAuthUseCaseImpl.m in Sources */,
				F68C000E24BD6F5D003418AC /* UTGELoginViewModel.m in Sources */,
			);
			runOnlyForDeploymentPostprocessing = 0;
		};
		F6E06F1324BBFAAA00EE95E9 /* Sources */ = {
			isa = PBXSourcesBuildPhase;
			buildActionMask = 2147483647;
			files = (
				F6E6DD0324C18882000C5928 /* GECOProfileCoordinator.m in Sources */,
				F6E6DD0024C187FC000C5928 /* GECOHomeCoordinator.m in Sources */,
				F66B5AB024BC512000CCA0F2 /* GEDANWAuthAPI.m in Sources */,
				F67B9A5924BEB87D00FB1508 /* GEDMUCAuthUseCase.m in Sources */,
				F6E06F3024BBFAAC00EE95E9 /* main.m in Sources */,
				F66B5AB824BC524200CCA0F2 /* GEDANWBaseApiModel.m in Sources */,
				F66B5A7624BC0A3600CCA0F2 /* GECOAppCoordinator.m in Sources */,
				F6E06F2824BBFAAA00EE95E9 /* MVVM_Clean_Flow_Skeleton.xcdatamodeld in Sources */,
				F66B5A7124BC08D400CCA0F2 /* GEUIAULoginViewController.m in Sources */,
				F6E6DD0724C1935C000C5928 /* GEUIPRProfileViewController.m in Sources */,
				F66B5A8D24BC364300CCA0F2 /* GECOAuthCoordinator.m in Sources */,
				F68CFFFC24BD5741003418AC /* GEDMUCUseCaseProvider.m in Sources */,
				F67B9A5F24BF2BEE00FB1508 /* GEDANWAuthNetworkFactory.m in Sources */,
				F6E6DD0C24C19484000C5928 /* GEUIHOHomeViewController.m in Sources */,
				F66B5A8224BC319100CCA0F2 /* GEUIAURegisterViewController.m in Sources */,
				F6E06F1C24BBFAAA00EE95E9 /* AppDelegate.m in Sources */,
				F6E6DCFA24C152F5000C5928 /* GEUIAURegisterViewModel.m in Sources */,
				F68C001924BDB221003418AC /* GEDANWAuthFirebase.m in Sources */,
				F67B9A5424BEB63C00FB1508 /* UICKeyChainStore+KCGEAuthKeyChain.m in Sources */,
				F66B5AB124BC512000CCA0F2 /* GEDANWLoginApiModel.m in Sources */,
				F66B5AA024BC510F00CCA0F2 /* GEDMMDLoginModel.m in Sources */,
				F66B5AAF24BC512000CCA0F2 /* GEDANWApiService.m in Sources */,
				F66B5AB724BC524200CCA0F2 /* NSUserDefaults+GBUser.m in Sources */,
				F66B5A9224BC4DBF00CCA0F2 /* GEUIAULoginViewModel.m in Sources */,
				F68C001524BDB1AD003418AC /* GEDANWFirebaseService.m in Sources */,
				F6E06F1F24BBFAAA00EE95E9 /* SceneDelegate.m in Sources */,
				F67B9A5024BEAA1000FB1508 /* GEDALCDataProvider.m in Sources */,
			);
			runOnlyForDeploymentPostprocessing = 0;
		};
/* End PBXSourcesBuildPhase section */

/* Begin PBXTargetDependency section */
		F68C000A24BD6F45003418AC /* PBXTargetDependency */ = {
			isa = PBXTargetDependency;
			target = F6E06F1624BBFAAA00EE95E9 /* MVVM-Clean-Flow-Skeleton */;
			targetProxy = F68C000924BD6F45003418AC /* PBXContainerItemProxy */;
		};
/* End PBXTargetDependency section */

/* Begin PBXVariantGroup section */
		F6E06F2B24BBFAAC00EE95E9 /* LaunchScreen.storyboard */ = {
			isa = PBXVariantGroup;
			children = (
				F6E06F2C24BBFAAC00EE95E9 /* Base */,
			);
			name = LaunchScreen.storyboard;
			sourceTree = "<group>";
		};
/* End PBXVariantGroup section */

/* Begin XCBuildConfiguration section */
		F68C000C24BD6F45003418AC /* Debug */ = {
			isa = XCBuildConfiguration;
			baseConfigurationReference = 12B2DD39D8507D11F51CE543 /* Pods-MVVM-Clean-Flow-SkeletonTests.debug.xcconfig */;
			buildSettings = {
				BUNDLE_LOADER = "$(TEST_HOST)";
				CODE_SIGN_STYLE = Automatic;
				INFOPLIST_FILE = "MVVM-Clean-Flow-SkeletonTests/Info.plist";
				LD_RUNPATH_SEARCH_PATHS = (
					"$(inherited)",
					"@executable_path/Frameworks",
					"@loader_path/Frameworks",
				);
				PRODUCT_BUNDLE_IDENTIFIER = "genie.com.vn.MVVM-Clean-Flow-SkeletonTests";
				PRODUCT_NAME = "$(TARGET_NAME)";
				TARGETED_DEVICE_FAMILY = "1,2";
				TEST_HOST = "$(BUILT_PRODUCTS_DIR)/MVVM-Clean-Flow-Skeleton.app/MVVM-Clean-Flow-Skeleton";
			};
			name = Debug;
		};
		F68C000D24BD6F45003418AC /* Release */ = {
			isa = XCBuildConfiguration;
			baseConfigurationReference = A0B6629F6C23A98E016B5315 /* Pods-MVVM-Clean-Flow-SkeletonTests.release.xcconfig */;
			buildSettings = {
				BUNDLE_LOADER = "$(TEST_HOST)";
				CODE_SIGN_STYLE = Automatic;
				INFOPLIST_FILE = "MVVM-Clean-Flow-SkeletonTests/Info.plist";
				LD_RUNPATH_SEARCH_PATHS = (
					"$(inherited)",
					"@executable_path/Frameworks",
					"@loader_path/Frameworks",
				);
				PRODUCT_BUNDLE_IDENTIFIER = "genie.com.vn.MVVM-Clean-Flow-SkeletonTests";
				PRODUCT_NAME = "$(TARGET_NAME)";
				TARGETED_DEVICE_FAMILY = "1,2";
				TEST_HOST = "$(BUILT_PRODUCTS_DIR)/MVVM-Clean-Flow-Skeleton.app/MVVM-Clean-Flow-Skeleton";
			};
			name = Release;
		};
		F6E06F3124BBFAAC00EE95E9 /* Debug */ = {
			isa = XCBuildConfiguration;
			buildSettings = {
				ALWAYS_SEARCH_USER_PATHS = NO;
				CLANG_ANALYZER_NONNULL = YES;
				CLANG_ANALYZER_NUMBER_OBJECT_CONVERSION = YES_AGGRESSIVE;
				CLANG_CXX_LANGUAGE_STANDARD = "gnu++14";
				CLANG_CXX_LIBRARY = "libc++";
				CLANG_ENABLE_MODULES = YES;
				CLANG_ENABLE_OBJC_ARC = YES;
				CLANG_ENABLE_OBJC_WEAK = YES;
				CLANG_WARN_BLOCK_CAPTURE_AUTORELEASING = YES;
				CLANG_WARN_BOOL_CONVERSION = YES;
				CLANG_WARN_COMMA = YES;
				CLANG_WARN_CONSTANT_CONVERSION = YES;
				CLANG_WARN_DEPRECATED_OBJC_IMPLEMENTATIONS = YES;
				CLANG_WARN_DIRECT_OBJC_ISA_USAGE = YES_ERROR;
				CLANG_WARN_DOCUMENTATION_COMMENTS = YES;
				CLANG_WARN_EMPTY_BODY = YES;
				CLANG_WARN_ENUM_CONVERSION = YES;
				CLANG_WARN_INFINITE_RECURSION = YES;
				CLANG_WARN_INT_CONVERSION = YES;
				CLANG_WARN_NON_LITERAL_NULL_CONVERSION = YES;
				CLANG_WARN_OBJC_IMPLICIT_RETAIN_SELF = YES;
				CLANG_WARN_OBJC_LITERAL_CONVERSION = YES;
				CLANG_WARN_OBJC_ROOT_CLASS = YES_ERROR;
				CLANG_WARN_RANGE_LOOP_ANALYSIS = YES;
				CLANG_WARN_STRICT_PROTOTYPES = YES;
				CLANG_WARN_SUSPICIOUS_MOVE = YES;
				CLANG_WARN_UNGUARDED_AVAILABILITY = YES_AGGRESSIVE;
				CLANG_WARN_UNREACHABLE_CODE = YES;
				CLANG_WARN__DUPLICATE_METHOD_MATCH = YES;
				COPY_PHASE_STRIP = NO;
				DEBUG_INFORMATION_FORMAT = dwarf;
				ENABLE_STRICT_OBJC_MSGSEND = YES;
				ENABLE_TESTABILITY = YES;
				GCC_C_LANGUAGE_STANDARD = gnu11;
				GCC_DYNAMIC_NO_PIC = NO;
				GCC_NO_COMMON_BLOCKS = YES;
				GCC_OPTIMIZATION_LEVEL = 0;
				GCC_PREPROCESSOR_DEFINITIONS = (
					"DEBUG=1",
					"$(inherited)",
				);
				GCC_WARN_64_TO_32_BIT_CONVERSION = YES;
				GCC_WARN_ABOUT_RETURN_TYPE = YES_ERROR;
				GCC_WARN_UNDECLARED_SELECTOR = YES;
				GCC_WARN_UNINITIALIZED_AUTOS = YES_AGGRESSIVE;
				GCC_WARN_UNUSED_FUNCTION = YES;
				GCC_WARN_UNUSED_VARIABLE = YES;
				IPHONEOS_DEPLOYMENT_TARGET = 13.5;
				MTL_ENABLE_DEBUG_INFO = INCLUDE_SOURCE;
				MTL_FAST_MATH = YES;
				ONLY_ACTIVE_ARCH = YES;
				SDKROOT = iphoneos;
			};
			name = Debug;
		};
		F6E06F3224BBFAAC00EE95E9 /* Release */ = {
			isa = XCBuildConfiguration;
			buildSettings = {
				ALWAYS_SEARCH_USER_PATHS = NO;
				CLANG_ANALYZER_NONNULL = YES;
				CLANG_ANALYZER_NUMBER_OBJECT_CONVERSION = YES_AGGRESSIVE;
				CLANG_CXX_LANGUAGE_STANDARD = "gnu++14";
				CLANG_CXX_LIBRARY = "libc++";
				CLANG_ENABLE_MODULES = YES;
				CLANG_ENABLE_OBJC_ARC = YES;
				CLANG_ENABLE_OBJC_WEAK = YES;
				CLANG_WARN_BLOCK_CAPTURE_AUTORELEASING = YES;
				CLANG_WARN_BOOL_CONVERSION = YES;
				CLANG_WARN_COMMA = YES;
				CLANG_WARN_CONSTANT_CONVERSION = YES;
				CLANG_WARN_DEPRECATED_OBJC_IMPLEMENTATIONS = YES;
				CLANG_WARN_DIRECT_OBJC_ISA_USAGE = YES_ERROR;
				CLANG_WARN_DOCUMENTATION_COMMENTS = YES;
				CLANG_WARN_EMPTY_BODY = YES;
				CLANG_WARN_ENUM_CONVERSION = YES;
				CLANG_WARN_INFINITE_RECURSION = YES;
				CLANG_WARN_INT_CONVERSION = YES;
				CLANG_WARN_NON_LITERAL_NULL_CONVERSION = YES;
				CLANG_WARN_OBJC_IMPLICIT_RETAIN_SELF = YES;
				CLANG_WARN_OBJC_LITERAL_CONVERSION = YES;
				CLANG_WARN_OBJC_ROOT_CLASS = YES_ERROR;
				CLANG_WARN_RANGE_LOOP_ANALYSIS = YES;
				CLANG_WARN_STRICT_PROTOTYPES = YES;
				CLANG_WARN_SUSPICIOUS_MOVE = YES;
				CLANG_WARN_UNGUARDED_AVAILABILITY = YES_AGGRESSIVE;
				CLANG_WARN_UNREACHABLE_CODE = YES;
				CLANG_WARN__DUPLICATE_METHOD_MATCH = YES;
				COPY_PHASE_STRIP = NO;
				DEBUG_INFORMATION_FORMAT = "dwarf-with-dsym";
				ENABLE_NS_ASSERTIONS = NO;
				ENABLE_STRICT_OBJC_MSGSEND = YES;
				GCC_C_LANGUAGE_STANDARD = gnu11;
				GCC_NO_COMMON_BLOCKS = YES;
				GCC_WARN_64_TO_32_BIT_CONVERSION = YES;
				GCC_WARN_ABOUT_RETURN_TYPE = YES_ERROR;
				GCC_WARN_UNDECLARED_SELECTOR = YES;
				GCC_WARN_UNINITIALIZED_AUTOS = YES_AGGRESSIVE;
				GCC_WARN_UNUSED_FUNCTION = YES;
				GCC_WARN_UNUSED_VARIABLE = YES;
				IPHONEOS_DEPLOYMENT_TARGET = 13.5;
				MTL_ENABLE_DEBUG_INFO = NO;
				MTL_FAST_MATH = YES;
				SDKROOT = iphoneos;
				VALIDATE_PRODUCT = YES;
			};
			name = Release;
		};
		F6E06F3424BBFAAC00EE95E9 /* Debug */ = {
			isa = XCBuildConfiguration;
			baseConfigurationReference = 2549BD7276D30465FCFB34D6 /* Pods-MVVM-Clean-Flow-Skeleton.debug.xcconfig */;
			buildSettings = {
				ASSETCATALOG_COMPILER_APPICON_NAME = AppIcon;
				CODE_SIGN_STYLE = Automatic;
				INFOPLIST_FILE = "MVVM-Clean-Flow-Skeleton/Info.plist";
				LD_RUNPATH_SEARCH_PATHS = (
					"$(inherited)",
					"@executable_path/Frameworks",
				);
				PRODUCT_BUNDLE_IDENTIFIER = "genie.com.vn.MVVM-Clean-Flow-Skeleton";
				PRODUCT_NAME = "$(TARGET_NAME)";
				TARGETED_DEVICE_FAMILY = "1,2";
			};
			name = Debug;
		};
		F6E06F3524BBFAAC00EE95E9 /* Release */ = {
			isa = XCBuildConfiguration;
			baseConfigurationReference = 0F5E38CE6E7978DD281B5C0D /* Pods-MVVM-Clean-Flow-Skeleton.release.xcconfig */;
			buildSettings = {
				ASSETCATALOG_COMPILER_APPICON_NAME = AppIcon;
				CODE_SIGN_STYLE = Automatic;
				INFOPLIST_FILE = "MVVM-Clean-Flow-Skeleton/Info.plist";
				LD_RUNPATH_SEARCH_PATHS = (
					"$(inherited)",
					"@executable_path/Frameworks",
				);
				PRODUCT_BUNDLE_IDENTIFIER = "genie.com.vn.MVVM-Clean-Flow-Skeleton";
				PRODUCT_NAME = "$(TARGET_NAME)";
				TARGETED_DEVICE_FAMILY = "1,2";
			};
			name = Release;
		};
/* End XCBuildConfiguration section */

/* Begin XCConfigurationList section */
		F68C000B24BD6F45003418AC /* Build configuration list for PBXNativeTarget "MVVM-Clean-Flow-SkeletonTests" */ = {
			isa = XCConfigurationList;
			buildConfigurations = (
				F68C000C24BD6F45003418AC /* Debug */,
				F68C000D24BD6F45003418AC /* Release */,
			);
			defaultConfigurationIsVisible = 0;
			defaultConfigurationName = Release;
		};
		F6E06F1224BBFAAA00EE95E9 /* Build configuration list for PBXProject "MVVM-Clean-Flow-Skeleton" */ = {
			isa = XCConfigurationList;
			buildConfigurations = (
				F6E06F3124BBFAAC00EE95E9 /* Debug */,
				F6E06F3224BBFAAC00EE95E9 /* Release */,
			);
			defaultConfigurationIsVisible = 0;
			defaultConfigurationName = Release;
		};
		F6E06F3324BBFAAC00EE95E9 /* Build configuration list for PBXNativeTarget "MVVM-Clean-Flow-Skeleton" */ = {
			isa = XCConfigurationList;
			buildConfigurations = (
				F6E06F3424BBFAAC00EE95E9 /* Debug */,
				F6E06F3524BBFAAC00EE95E9 /* Release */,
			);
			defaultConfigurationIsVisible = 0;
			defaultConfigurationName = Release;
		};
/* End XCConfigurationList section */

/* Begin XCVersionGroup section */
		F6E06F2624BBFAAA00EE95E9 /* MVVM_Clean_Flow_Skeleton.xcdatamodeld */ = {
			isa = XCVersionGroup;
			children = (
				F6E06F2724BBFAAA00EE95E9 /* MVVM_Clean_Flow_Skeleton.xcdatamodel */,
			);
			currentVersion = F6E06F2724BBFAAA00EE95E9 /* MVVM_Clean_Flow_Skeleton.xcdatamodel */;
			path = MVVM_Clean_Flow_Skeleton.xcdatamodeld;
			sourceTree = "<group>";
			versionGroupType = wrapper.xcdatamodel;
		};
/* End XCVersionGroup section */
	};
	rootObject = F6E06F0F24BBFAAA00EE95E9 /* Project object */;
}
